
Microsoft Visual Studio Solution File, Format Version 12.00
# Visual Studio Version 17
VisualStudioVersion = 17.4.33213.308
MinimumVisualStudioVersion = 10.0.40219.1
Project("{FAE04EC0-301F-11D3-BF4B-00C04F79EFBC}") = "HolePlugin", "HolePlugin\HolePlugin.csproj", "{5AD742A8-8873-42DF-8C39-AB47D04EABF1}"
EndProject
Global
	GlobalSection(SolutionConfigurationPlatforms) = preSolution
		Debug|Any CPU = Debug|Any CPU
		Release|Any CPU = Release|Any CPU
	EndGlobalSection
	GlobalSection(ProjectConfigurationPlatforms) = postSolution
		{5AD742A8-8873-42DF-8C39-AB47D04EABF1}.Debug|Any CPU.ActiveCfg = Debug|Any CPU
		{5AD742A8-8873-42DF-8C39-AB47D04EABF1}.Debug|Any CPU.Build.0 = Debug|Any CPU
		{5AD742A8-8873-42DF-8C39-AB47D04EABF1}.Release|Any CPU.ActiveCfg = Release|Any CPU
		{5AD742A8-8873-42DF-8C39-AB47D04EABF1}.Release|Any CPU.Build.0 = Release|Any CPU
	EndGlobalSection
	GlobalSection(SolutionProperties) = preSolution
		HideSolutionNode = FALSE
	EndGlobalSection
	GlobalSection(ExtensibilityGlobals) = postSolution
		SolutionGuid = {327A8548-8FA5-4B4B-8ADC-4EC72EF77C52}
	EndGlobalSection
EndGlobal
